# This file is automatically @generated by Cargo.
# It is not intended for manual editing.
[[package]]
name = "factorio_mod_manager"
version = "0.1.0"
dependencies = [
 "json",
 "pico-args",
]

[[package]]
name = "json"
version = "0.12.4"
source = "registry+https://github.com/rust-lang/crates.io-index"
checksum = "078e285eafdfb6c4b434e0d31e8cfcb5115b651496faca5749b88fafd4f23bfd"

[[package]]
name = "pico-args"
version = "0.4.0"
source = "registry+https://github.com/rust-lang/crates.io-index"
checksum = "d70072c20945e1ab871c472a285fc772aefd4f5407723c206242f2c6f94595d6"
